
Microsoft Visual Studio Solution File, Format Version 12.00
# Visual Studio Version 17
VisualStudioVersion = 17.5.002.0
MinimumVisualStudioVersion = 10.0.40219.1
Project("{9A19103F-16F7-4668-BE54-9A1E7A4F7556}") = "SoapApi", "SoapApi.csproj", "{AAE5B95B-6820-4EEC-BC4E-EF5EE11B480C}"
EndProject
Global
	GlobalSection(SolutionConfigurationPlatforms) = preSolution
		Debug|Any CPU = Debug|Any CPU
		Release|Any CPU = Release|Any CPU
	EndGlobalSection
	GlobalSection(ProjectConfigurationPlatforms) = postSolution
		{AAE5B95B-6820-4EEC-BC4E-EF5EE11B480C}.Debug|Any CPU.ActiveCfg = Debug|Any CPU
		{AAE5B95B-6820-4EEC-BC4E-EF5EE11B480C}.Debug|Any CPU.Build.0 = Debug|Any CPU
		{AAE5B95B-6820-4EEC-BC4E-EF5EE11B480C}.Release|Any CPU.ActiveCfg = Release|Any CPU
		{AAE5B95B-6820-4EEC-BC4E-EF5EE11B480C}.Release|Any CPU.Build.0 = Release|Any CPU
	EndGlobalSection
	GlobalSection(SolutionProperties) = preSolution
		HideSolutionNode = FALSE
	EndGlobalSection
	GlobalSection(ExtensibilityGlobals) = postSolution
		SolutionGuid = {4980B50F-F548-48CD-ADE6-83993B5E5BDE}
	EndGlobalSection
EndGlobal
